
Microsoft Visual Studio Solution File, Format Version 12.00
# Visual Studio Version 16
VisualStudioVersion = 16.0.30330.147
MinimumVisualStudioVersion = 10.0.40219.1
Project("{FAE04EC0-301F-11D3-BF4B-00C04F79EFBC}") = "SortAlgorithms", "SortAlgorithms\SortAlgorithms.csproj", "{74A1A9EF-FB22-4523-BBE5-0A33848C1559}"
EndProject
Project("{FAE04EC0-301F-11D3-BF4B-00C04F79EFBC}") = "Algorithm", "Algorithm\Algorithm.csproj", "{C21B7DD1-6333-4B04-A831-D2B81076FBC8}"
EndProject
Project("{FAE04EC0-301F-11D3-BF4B-00C04F79EFBC}") = "AlgorithmTests", "AlgorithmTests\AlgorithmTests.csproj", "{E314B11C-EB3D-497B-9D79-86B11DCD02F1}"
EndProject
Global
	GlobalSection(SolutionConfigurationPlatforms) = preSolution
		Debug|Any CPU = Debug|Any CPU
		Release|Any CPU = Release|Any CPU
	EndGlobalSection
	GlobalSection(ProjectConfigurationPlatforms) = postSolution
		{74A1A9EF-FB22-4523-BBE5-0A33848C1559}.Debug|Any CPU.ActiveCfg = Debug|Any CPU
		{74A1A9EF-FB22-4523-BBE5-0A33848C1559}.Debug|Any CPU.Build.0 = Debug|Any CPU
		{74A1A9EF-FB22-4523-BBE5-0A33848C1559}.Release|Any CPU.ActiveCfg = Release|Any CPU
		{74A1A9EF-FB22-4523-BBE5-0A33848C1559}.Release|Any CPU.Build.0 = Release|Any CPU
		{C21B7DD1-6333-4B04-A831-D2B81076FBC8}.Debug|Any CPU.ActiveCfg = Debug|Any CPU
		{C21B7DD1-6333-4B04-A831-D2B81076FBC8}.Debug|Any CPU.Build.0 = Debug|Any CPU
		{C21B7DD1-6333-4B04-A831-D2B81076FBC8}.Release|Any CPU.ActiveCfg = Release|Any CPU
		{C21B7DD1-6333-4B04-A831-D2B81076FBC8}.Release|Any CPU.Build.0 = Release|Any CPU
		{E314B11C-EB3D-497B-9D79-86B11DCD02F1}.Debug|Any CPU.ActiveCfg = Debug|Any CPU
		{E314B11C-EB3D-497B-9D79-86B11DCD02F1}.Debug|Any CPU.Build.0 = Debug|Any CPU
		{E314B11C-EB3D-497B-9D79-86B11DCD02F1}.Release|Any CPU.ActiveCfg = Release|Any CPU
		{E314B11C-EB3D-497B-9D79-86B11DCD02F1}.Release|Any CPU.Build.0 = Release|Any CPU
	EndGlobalSection
	GlobalSection(SolutionProperties) = preSolution
		HideSolutionNode = FALSE
	EndGlobalSection
	GlobalSection(ExtensibilityGlobals) = postSolution
		SolutionGuid = {23FD68C4-D6D3-4B65-BB3E-BDB1C5447803}
	EndGlobalSection
EndGlobal
